
Microsoft Visual Studio Solution File, Format Version 12.00
# Visual Studio Version 17
VisualStudioVersion = 17.7.34031.279
MinimumVisualStudioVersion = 10.0.40219.1
Project("{FAE04EC0-301F-11D3-BF4B-00C04F79EFBC}") = "KnowledgeCheck2", "KnowledgeCheck2.csproj", "{601C84C4-BDEE-4779-B5BE-BDB04240287E}"
EndProject
Global
	GlobalSection(SolutionConfigurationPlatforms) = preSolution
		Debug|Any CPU = Debug|Any CPU
		Release|Any CPU = Release|Any CPU
	EndGlobalSection
	GlobalSection(ProjectConfigurationPlatforms) = postSolution
		{601C84C4-BDEE-4779-B5BE-BDB04240287E}.Debug|Any CPU.ActiveCfg = Debug|Any CPU
		{601C84C4-BDEE-4779-B5BE-BDB04240287E}.Debug|Any CPU.Build.0 = Debug|Any CPU
		{601C84C4-BDEE-4779-B5BE-BDB04240287E}.Release|Any CPU.ActiveCfg = Release|Any CPU
		{601C84C4-BDEE-4779-B5BE-BDB04240287E}.Release|Any CPU.Build.0 = Release|Any CPU
	EndGlobalSection
	GlobalSection(SolutionProperties) = preSolution
		HideSolutionNode = FALSE
	EndGlobalSection
	GlobalSection(ExtensibilityGlobals) = postSolution
		SolutionGuid = {9DADC41E-9FCA-43D0-BABD-9E724B89976E}
	EndGlobalSection
EndGlobal
